
Microsoft Visual Studio Solution File, Format Version 12.00
# Visual Studio 15
VisualStudioVersion = 15.0.27428.2015
MinimumVisualStudioVersion = 10.0.40219.1
Project("{FAE04EC0-301F-11D3-BF4B-00C04F79EFBC}") = "dbn", "dbn\dbn.csproj", "{9DAC70F2-0716-472F-AA7E-63CBBF26398B}"
EndProject
Project("{54435603-DBB4-11D2-8724-00A0C9A8B90C}") = "Setup", "Setup\Setup.vdproj", "{29503B55-B476-401E-9849-F50D03789FEB}"
EndProject
Global
	GlobalSection(SolutionConfigurationPlatforms) = preSolution
		Debug|Any CPU = Debug|Any CPU
		Release|Any CPU = Release|Any CPU
	EndGlobalSection
	GlobalSection(ProjectConfigurationPlatforms) = postSolution
		{9DAC70F2-0716-472F-AA7E-63CBBF26398B}.Debug|Any CPU.ActiveCfg = Debug|Any CPU
		{9DAC70F2-0716-472F-AA7E-63CBBF26398B}.Debug|Any CPU.Build.0 = Debug|Any CPU
		{9DAC70F2-0716-472F-AA7E-63CBBF26398B}.Release|Any CPU.ActiveCfg = Release|Any CPU
		{9DAC70F2-0716-472F-AA7E-63CBBF26398B}.Release|Any CPU.Build.0 = Release|Any CPU
		{29503B55-B476-401E-9849-F50D03789FEB}.Debug|Any CPU.ActiveCfg = Debug
		{29503B55-B476-401E-9849-F50D03789FEB}.Release|Any CPU.ActiveCfg = Release
	EndGlobalSection
	GlobalSection(SolutionProperties) = preSolution
		HideSolutionNode = FALSE
	EndGlobalSection
	GlobalSection(ExtensibilityGlobals) = postSolution
		SolutionGuid = {9B5D0DF9-0B27-4895-93A5-D0C952E0E651}
	EndGlobalSection
EndGlobal
